// !$*UTF8*$!
{
	archiveVersion = 1;
	classes = {
	};
	objectVersion = 48;
	objects = {

/* Begin PBXBuildFile section */
		469B569B1F99DD1A002E4BF1 /* SettingsController.swift in Sources */ = {isa = PBXBuildFile; fileRef = 469B569A1F99DD1A002E4BF1 /* SettingsController.swift */; };
		46E476131F8DCC5300771F5D /* AppDelegate.swift in Sources */ = {isa = PBXBuildFile; fileRef = 46E476121F8DCC5300771F5D /* AppDelegate.swift */; };
		46E476151F8DCC5300771F5D /* ViewController.swift in Sources */ = {isa = PBXBuildFile; fileRef = 46E476141F8DCC5300771F5D /* ViewController.swift */; };
		46E476181F8DCC5300771F5D /* Main.storyboard in Resources */ = {isa = PBXBuildFile; fileRef = 46E476161F8DCC5300771F5D /* Main.storyboard */; };
		46E4761A1F8DCC5300771F5D /* Assets.xcassets in Resources */ = {isa = PBXBuildFile; fileRef = 46E476191F8DCC5300771F5D /* Assets.xcassets */; };
		46E4761D1F8DCC5300771F5D /* LaunchScreen.storyboard in Resources */ = {isa = PBXBuildFile; fileRef = 46E4761B1F8DCC5300771F5D /* LaunchScreen.storyboard */; };
		46E476281F8DCC5300771F5D /* TipCalculatorTests.swift in Sources */ = {isa = PBXBuildFile; fileRef = 46E476271F8DCC5300771F5D /* TipCalculatorTests.swift */; };
		46E476331F8DCC5300771F5D /* TipCalculatorUITests.swift in Sources */ = {isa = PBXBuildFile; fileRef = 46E476321F8DCC5300771F5D /* TipCalculatorUITests.swift */; };
/* End PBXBuildFile section */

/* Begin PBXContainerItemProxy section */
		46E476241F8DCC5300771F5D /* PBXContainerItemProxy */ = {
			isa = PBXContainerItemProxy;
			containerPortal = 46E476071F8DCC5300771F5D /* Project object */;
			proxyType = 1;
			remoteGlobalIDString = 46E4760E1F8DCC5300771F5D;
			remoteInfo = TipCalculator;
		};
		46E4762F1F8DCC5300771F5D /* PBXContainerItemProxy */ = {
			isa = PBXContainerItemProxy;
			containerPortal = 46E476071F8DCC5300771F5D /* Project object */;
			proxyType = 1;
			remoteGlobalIDString = 46E4760E1F8DCC5300771F5D;
			remoteInfo = TipCalculator;
		};
/* End PBXContainerItemProxy section */

/* Begin PBXFileReference section */
		469B569A1F99DD1A002E4BF1 /* SettingsController.swift */ = {isa = PBXFileReference; lastKnownFileType = sourcecode.swift; path = SettingsController.swift; sourceTree = "<group>"; };
		46E4760F1F8DCC5300771F5D /* TipCalculator.app */ = {isa = PBXFileReference; explicitFileType = wrapper.application; includeInIndex = 0; path = TipCalculator.app; sourceTree = BUILT_PRODUCTS_DIR; };
		46E476121F8DCC5300771F5D /* AppDelegate.swift */ = {isa = PBXFileReference; lastKnownFileType = sourcecode.swift; path = AppDelegate.swift; sourceTree = "<group>"; };
		46E476141F8DCC5300771F5D /* ViewController.swift */ = {isa = PBXFileReference; lastKnownFileType = sourcecode.swift; path = ViewController.swift; sourceTree = "<group>"; };
		46E476171F8DCC5300771F5D /* Base */ = {isa = PBXFileReference; lastKnownFileType = file.storyboard; name = Base; path = Base.lproj/Main.storyboard; sourceTree = "<group>"; };
		46E476191F8DCC5300771F5D /* Assets.xcassets */ = {isa = PBXFileReference; lastKnownFileType = folder.assetcatalog; path = Assets.xcassets; sourceTree = "<group>"; };
		46E4761C1F8DCC5300771F5D /* Base */ = {isa = PBXFileReference; lastKnownFileType = file.storyboard; name = Base; path = Base.lproj/LaunchScreen.storyboard; sourceTree = "<group>"; };
		46E4761E1F8DCC5300771F5D /* Info.plist */ = {isa = PBXFileReference; lastKnownFileType = text.plist.xml; path = Info.plist; sourceTree = "<group>"; };
		46E476231F8DCC5300771F5D /* TipCalculatorTests.xctest */ = {isa = PBXFileReference; explicitFileType = wrapper.cfbundle; includeInIndex = 0; path = TipCalculatorTests.xctest; sourceTree = BUILT_PRODUCTS_DIR; };
		46E476271F8DCC5300771F5D /* TipCalculatorTests.swift */ = {isa = PBXFileReference; lastKnownFileType = sourcecode.swift; path = TipCalculatorTests.swift; sourceTree = "<group>"; };
		46E476291F8DCC5300771F5D /* Info.plist */ = {isa = PBXFileReference; lastKnownFileType = text.plist.xml; path = Info.plist; sourceTree = "<group>"; };
		46E4762E1F8DCC5300771F5D /* TipCalculatorUITests.xctest */ = {isa = PBXFileReference; explicitFileType = wrapper.cfbundle; includeInIndex = 0; path = TipCalculatorUITests.xctest; sourceTree = BUILT_PRODUCTS_DIR; };
		46E476321F8DCC5300771F5D /* TipCalculatorUITests.swift */ = {isa = PBXFileReference; lastKnownFileType = sourcecode.swift; path = TipCalculatorUITests.swift; sourceTree = "<group>"; };
		46E476341F8DCC5300771F5D /* Info.plist */ = {isa = PBXFileReference; lastKnownFileType = text.plist.xml; path = Info.plist; sourceTree = "<group>"; };
/* End PBXFileReference section */

/* Begin PBXFrameworksBuildPhase section */
		46E4760C1F8DCC5300771F5D /* Frameworks */ = {
			isa = PBXFrameworksBuildPhase;
			buildActionMask = 2147483647;
			files = (
			);
			runOnlyForDeploymentPostprocessing = 0;
		};
		46E476201F8DCC5300771F5D /* Frameworks */ = {
			isa = PBXFrameworksBuildPhase;
			buildActionMask = 2147483647;
			files = (
			);
			runOnlyForDeploymentPostprocessing = 0;
		};
		46E4762B1F8DCC5300771F5D /* Frameworks */ = {
			isa = PBXFrameworksBuildPhase;
			buildActionMask = 2147483647;
			files = (
			);
			runOnlyForDeploymentPostprocessing = 0;
		};
/* End PBXFrameworksBuildPhase section */

/* Begin PBXGroup section */
		46E476061F8DCC5300771F5D = {
			isa = PBXGroup;
			children = (
				46E476111F8DCC5300771F5D /* TipCalculator */,
				46E476261F8DCC5300771F5D /* TipCalculatorTests */,
				46E476311F8DCC5300771F5D /* TipCalculatorUITests */,
				46E476101F8DCC5300771F5D /* Products */,
			);
			sourceTree = "<group>";
		};
		46E476101F8DCC5300771F5D /* Products */ = {
			isa = PBXGroup;
			children = (
				46E4760F1F8DCC5300771F5D /* TipCalculator.app */,
				46E476231F8DCC5300771F5D /* TipCalculatorTests.xctest */,
				46E4762E1F8DCC5300771F5D /* TipCalculatorUITests.xctest */,
			);
			name = Products;
			sourceTree = "<group>";
		};
		46E476111F8DCC5300771F5D /* TipCalculator */ = {
			isa = PBXGroup;
			children = (
				46E476121F8DCC5300771F5D /* AppDelegate.swift */,
				46E476141F8DCC5300771F5D /* ViewController.swift */,
				46E476161F8DCC5300771F5D /* Main.storyboard */,
				46E476191F8DCC5300771F5D /* Assets.xcassets */,
				46E4761B1F8DCC5300771F5D /* LaunchScreen.storyboard */,
				46E4761E1F8DCC5300771F5D /* Info.plist */,
				469B569A1F99DD1A002E4BF1 /* SettingsController.swift */,
			);
			path = TipCalculator;
			sourceTree = "<group>";
		};
		46E476261F8DCC5300771F5D /* TipCalculatorTests */ = {
			isa = PBXGroup;
			children = (
				46E476271F8DCC5300771F5D /* TipCalculatorTests.swift */,
				46E476291F8DCC5300771F5D /* Info.plist */,
			);
			path = TipCalculatorTests;
			sourceTree = "<group>";
		};
		46E476311F8DCC5300771F5D /* TipCalculatorUITests */ = {
			isa = PBXGroup;
			children = (
				46E476321F8DCC5300771F5D /* TipCalculatorUITests.swift */,
				46E476341F8DCC5300771F5D /* Info.plist */,
			);
			path = TipCalculatorUITests;
			sourceTree = "<group>";
		};
/* End PBXGroup section */

/* Begin PBXNativeTarget section */
		46E4760E1F8DCC5300771F5D /* TipCalculator */ = {
			isa = PBXNativeTarget;
			buildConfigurationList = 46E476371F8DCC5300771F5D /* Build configuration list for PBXNativeTarget "TipCalculator" */;
			buildPhases = (
				46E4760B1F8DCC5300771F5D /* Sources */,
				46E4760C1F8DCC5300771F5D /* Frameworks */,
				46E4760D1F8DCC5300771F5D /* Resources */,
			);
			buildRules = (
			);
			dependencies = (
			);
			name = TipCalculator;
			productName = TipCalculator;
			productReference = 46E4760F1F8DCC5300771F5D /* TipCalculator.app */;
			productType = "com.apple.product-type.application";
		};
		46E476221F8DCC5300771F5D /* TipCalculatorTests */ = {
			isa = PBXNativeTarget;
			buildConfigurationList = 46E4763A1F8DCC5300771F5D /* Build configuration list for PBXNativeTarget "TipCalculatorTests" */;
			buildPhases = (
				46E4761F1F8DCC5300771F5D /* Sources */,
				46E476201F8DCC5300771F5D /* Frameworks */,
				46E476211F8DCC5300771F5D /* Resources */,
			);
			buildRules = (
			);
			dependencies = (
				46E476251F8DCC5300771F5D /* PBXTargetDependency */,
			);
			name = TipCalculatorTests;
			productName = TipCalculatorTests;
			productReference = 46E476231F8DCC5300771F5D /* TipCalculatorTests.xctest */;
			productType = "com.apple.product-type.bundle.unit-test";
		};
		46E4762D1F8DCC5300771F5D /* TipCalculatorUITests */ = {
			isa = PBXNativeTarget;
			buildConfigurationList = 46E4763D1F8DCC5300771F5D /* Build configuration list for PBXNativeTarget "TipCalculatorUITests" */;
			buildPhases = (
				46E4762A1F8DCC5300771F5D /* Sources */,
				46E4762B1F8DCC5300771F5D /* Frameworks */,
				46E4762C1F8DCC5300771F5D /* Resources */,
			);
			buildRules = (
			);
			dependencies = (
				46E476301F8DCC5300771F5D /* PBXTargetDependency */,
			);
			name = TipCalculatorUITests;
			productName = TipCalculatorUITests;
			productReference = 46E4762E1F8DCC5300771F5D /* TipCalculatorUITests.xctest */;
			productType = "com.apple.product-type.bundle.ui-testing";
		};
/* End PBXNativeTarget section */

/* Begin PBXProject section */
		46E476071F8DCC5300771F5D /* Project object */ = {
			isa = PBXProject;
			attributes = {
				LastSwiftUpdateCheck = 0900;
				LastUpgradeCheck = 0900;
				ORGANIZATIONNAME = "Youssef Elabd";
				TargetAttributes = {
					46E4760E1F8DCC5300771F5D = {
						CreatedOnToolsVersion = 9.0;
						ProvisioningStyle = Automatic;
					};
					46E476221F8DCC5300771F5D = {
						CreatedOnToolsVersion = 9.0;
						ProvisioningStyle = Automatic;
						TestTargetID = 46E4760E1F8DCC5300771F5D;
					};
					46E4762D1F8DCC5300771F5D = {
						CreatedOnToolsVersion = 9.0;
						ProvisioningStyle = Automatic;
						TestTargetID = 46E4760E1F8DCC5300771F5D;
					};
				};
			};
			buildConfigurationList = 46E4760A1F8DCC5300771F5D /* Build configuration list for PBXProject "TipCalculator" */;
			compatibilityVersion = "Xcode 8.0";
			developmentRegion = en;
			hasScannedForEncodings = 0;
			knownRegions = (
				en,
				Base,
			);
			mainGroup = 46E476061F8DCC5300771F5D;
			productRefGroup = 46E476101F8DCC5300771F5D /* Products */;
			projectDirPath = "";
			projectRoot = "";
			targets = (
				46E4760E1F8DCC5300771F5D /* TipCalculator */,
				46E476221F8DCC5300771F5D /* TipCalculatorTests */,
				46E4762D1F8DCC5300771F5D /* TipCalculatorUITests */,
			);
		};
/* End PBXProject section */

/* Begin PBXResourcesBuildPhase section */
		46E4760D1F8DCC5300771F5D /* Resources */ = {
			isa = PBXResourcesBuildPhase;
			buildActionMask = 2147483647;
			files = (
				46E4761D1F8DCC5300771F5D /* LaunchScreen.storyboard in Resources */,
				46E4761A1F8DCC5300771F5D /* Assets.xcassets in Resources */,
				46E476181F8DCC5300771F5D /* Main.storyboard in Resources */,
			);
			runOnlyForDeploymentPostprocessing = 0;
		};
		46E476211F8DCC5300771F5D /* Resources */ = {
			isa = PBXResourcesBuildPhase;
			buildActionMask = 2147483647;
			files = (
			);
			runOnlyForDeploymentPostprocessing = 0;
		};
		46E4762C1F8DCC5300771F5D /* Resources */ = {
			isa = PBXResourcesBuildPhase;
			buildActionMask = 2147483647;
			files = (
			);
			runOnlyForDeploymentPostprocessing = 0;
		};
/* End PBXResourcesBuildPhase section */

/* Begin PBXSourcesBuildPhase section */
		46E4760B1F8DCC5300771F5D /* Sources */ = {
			isa = PBXSourcesBuildPhase;
			buildActionMask = 2147483647;
			files = (
				469B569B1F99DD1A002E4BF1 /* SettingsController.swift in Sources */,
				46E476151F8DCC5300771F5D /* ViewController.swift in Sources */,
				46E476131F8DCC5300771F5D /* AppDelegate.swift in Sources */,
			);
			runOnlyForDeploymentPostprocessing = 0;
		};
		46E4761F1F8DCC5300771F5D /* Sources */ = {
			isa = PBXSourcesBuildPhase;
			buildActionMask = 2147483647;
			files = (
				46E476281F8DCC5300771F5D /* TipCalculatorTests.swift in Sources */,
			);
			runOnlyForDeploymentPostprocessing = 0;
		};
		46E4762A1F8DCC5300771F5D /* Sources */ = {
			isa = PBXSourcesBuildPhase;
			buildActionMask = 2147483647;
			files = (
				46E476331F8DCC5300771F5D /* TipCalculatorUITests.swift in Sources */,
			);
			runOnlyForDeploymentPostprocessing = 0;
		};
/* End PBXSourcesBuildPhase section */

/* Begin PBXTargetDependency section */
		46E476251F8DCC5300771F5D /* PBXTargetDependency */ = {
			isa = PBXTargetDependency;
			target = 46E4760E1F8DCC5300771F5D /* TipCalculator */;
			targetProxy = 46E476241F8DCC5300771F5D /* PBXContainerItemProxy */;
		};
		46E476301F8DCC5300771F5D /* PBXTargetDependency */ = {
			isa = PBXTargetDependency;
			target = 46E4760E1F8DCC5300771F5D /* TipCalculator */;
			targetProxy = 46E4762F1F8DCC5300771F5D /* PBXContainerItemProxy */;
		};
/* End PBXTargetDependency section */

/* Begin PBXVariantGroup section */
		46E476161F8DCC5300771F5D /* Main.storyboard */ = {
			isa = PBXVariantGroup;
			children = (
				46E476171F8DCC5300771F5D /* Base */,
			);
			name = Main.storyboard;
			sourceTree = "<group>";
		};
		46E4761B1F8DCC5300771F5D /* LaunchScreen.storyboard */ = {
			isa = PBXVariantGroup;
			children = (
				46E4761C1F8DCC5300771F5D /* Base */,
			);
			name = LaunchScreen.storyboard;
			sourceTree = "<group>";
		};
/* End PBXVariantGroup section */

/* Begin XCBuildConfiguration section */
		46E476351F8DCC5300771F5D /* Debug */ = {
			isa = XCBuildConfiguration;
			buildSettings = {
				ALWAYS_SEARCH_USER_PATHS = NO;
				CLANG_ANALYZER_NONNULL = YES;
				CLANG_ANALYZER_NUMBER_OBJECT_CONVERSION = YES_AGGRESSIVE;
				CLANG_CXX_LANGUAGE_STANDARD = "gnu++14";
				CLANG_CXX_LIBRARY = "libc++";
				CLANG_ENABLE_MODULES = YES;
				CLANG_ENABLE_OBJC_ARC = YES;
				CLANG_WARN_BLOCK_CAPTURE_AUTORELEASING = YES;
				CLANG_WARN_BOOL_CONVERSION = YES;
				CLANG_WARN_COMMA = YES;
				CLANG_WARN_CONSTANT_CONVERSION = YES;
				CLANG_WARN_DIRECT_OBJC_ISA_USAGE = YES_ERROR;
				CLANG_WARN_DOCUMENTATION_COMMENTS = YES;
				CLANG_WARN_EMPTY_BODY = YES;
				CLANG_WARN_ENUM_CONVERSION = YES;
				CLANG_WARN_INFINITE_RECURSION = YES;
				CLANG_WARN_INT_CONVERSION = YES;
				CLANG_WARN_NON_LITERAL_NULL_CONVERSION = YES;
				CLANG_WARN_OBJC_LITERAL_CONVERSION = YES;
				CLANG_WARN_OBJC_ROOT_CLASS = YES_ERROR;
				CLANG_WARN_RANGE_LOOP_ANALYSIS = YES;
				CLANG_WARN_STRICT_PROTOTYPES = YES;
				CLANG_WARN_SUSPICIOUS_MOVE = YES;
				CLANG_WARN_UNGUARDED_AVAILABILITY = YES_AGGRESSIVE;
				CLANG_WARN_UNREACHABLE_CODE = YES;
				CLANG_WARN__DUPLICATE_METHOD_MATCH = YES;
				CODE_SIGN_IDENTITY = "iPhone Developer";
				COPY_PHASE_STRIP = NO;
				DEBUG_INFORMATION_FORMAT = dwarf;
				ENABLE_STRICT_OBJC_MSGSEND = YES;
				ENABLE_TESTABILITY = YES;
				GCC_C_LANGUAGE_STANDARD = gnu11;
				GCC_DYNAMIC_NO_PIC = NO;
				GCC_NO_COMMON_BLOCKS = YES;
				GCC_OPTIMIZATION_LEVEL = 0;
				GCC_PREPROCESSOR_DEFINITIONS = (
					"DEBUG=1",
					"$(inherited)",
				);
				GCC_WARN_64_TO_32_BIT_CONVERSION = YES;
				GCC_WARN_ABOUT_RETURN_TYPE = YES_ERROR;
				GCC_WARN_UNDECLARED_SELECTOR = YES;
				GCC_WARN_UNINITIALIZED_AUTOS = YES_AGGRESSIVE;
				GCC_WARN_UNUSED_FUNCTION = YES;
				GCC_WARN_UNUSED_VARIABLE = YES;
				IPHONEOS_DEPLOYMENT_TARGET = 11.0;
				MTL_ENABLE_DEBUG_INFO = YES;
				ONLY_ACTIVE_ARCH = YES;
				SDKROOT = iphoneos;
				SWIFT_ACTIVE_COMPILATION_CONDITIONS = DEBUG;
				SWIFT_OPTIMIZATION_LEVEL = "-Onone";
			};
			name = Debug;
		};
		46E476361F8DCC5300771F5D /* Release */ = {
			isa = XCBuildConfiguration;
			buildSettings = {
				ALWAYS_SEARCH_USER_PATHS = NO;
				CLANG_ANALYZER_NONNULL = YES;
				CLANG_ANALYZER_NUMBER_OBJECT_CONVERSION = YES_AGGRESSIVE;
				CLANG_CXX_LANGUAGE_STANDARD = "gnu++14";
				CLANG_CXX_LIBRARY = "libc++";
				CLANG_ENABLE_MODULES = YES;
				CLANG_ENABLE_OBJC_ARC = YES;
				CLANG_WARN_BLOCK_CAPTURE_AUTORELEASING = YES;
				CLANG_WARN_BOOL_CONVERSION = YES;
				CLANG_WARN_COMMA = YES;
				CLANG_WARN_CONSTANT_CONVERSION = YES;
				CLANG_WARN_DIRECT_OBJC_ISA_USAGE = YES_ERROR;
				CLANG_WARN_DOCUMENTATION_COMMENTS = YES;
				CLANG_WARN_EMPTY_BODY = YES;
				CLANG_WARN_ENUM_CONVERSION = YES;
				CLANG_WARN_INFINITE_RECURSION = YES;
				CLANG_WARN_INT_CONVERSION = YES;
				CLANG_WARN_NON_LITERAL_NULL_CONVERSION = YES;
				CLANG_WARN_OBJC_LITERAL_CONVERSION = YES;
				CLANG_WARN_OBJC_ROOT_CLASS = YES_ERROR;
				CLANG_WARN_RANGE_LOOP_ANALYSIS = YES;
				CLANG_WARN_STRICT_PROTOTYPES = YES;
				CLANG_WARN_SUSPICIOUS_MOVE = YES;
				CLANG_WARN_UNGUARDED_AVAILABILITY = YES_AGGRESSIVE;
				CLANG_WARN_UNREACHABLE_CODE = YES;
				CLANG_WARN__DUPLICATE_METHOD_MATCH = YES;
				CODE_SIGN_IDENTITY = "iPhone Developer";
				COPY_PHASE_STRIP = NO;
				DEBUG_INFORMATION_FORMAT = "dwarf-with-dsym";
				ENABLE_NS_ASSERTIONS = NO;
				ENABLE_STRICT_OBJC_MSGSEND = YES;
				GCC_C_LANGUAGE_STANDARD = gnu11;
				GCC_NO_COMMON_BLOCKS = YES;
				GCC_WARN_64_TO_32_BIT_CONVERSION = YES;
				GCC_WARN_ABOUT_RETURN_TYPE = YES_ERROR;
				GCC_WARN_UNDECLARED_SELECTOR = YES;
				GCC_WARN_UNINITIALIZED_AUTOS = YES_AGGRESSIVE;
				GCC_WARN_UNUSED_FUNCTION = YES;
				GCC_WARN_UNUSED_VARIABLE = YES;
				IPHONEOS_DEPLOYMENT_TARGET = 11.0;
				MTL_ENABLE_DEBUG_INFO = NO;
				SDKROOT = iphoneos;
				SWIFT_OPTIMIZATION_LEVEL = "-Owholemodule";
				VALIDATE_PRODUCT = YES;
			};
			name = Release;
		};
		46E476381F8DCC5300771F5D /* Debug */ = {
			isa = XCBuildConfiguration;
			buildSettings = {
				ASSETCATALOG_COMPILER_APPICON_NAME = AppIcon;
				CODE_SIGN_STYLE = Automatic;
				DEVELOPMENT_TEAM = 947H8H8XTC;
				INFOPLIST_FILE = TipCalculator/Info.plist;
				LD_RUNPATH_SEARCH_PATHS = "$(inherited) @executable_path/Frameworks";
				PRODUCT_BUNDLE_IDENTIFIER = youssef.TipCalculator;
				PRODUCT_NAME = "$(TARGET_NAME)";
				SWIFT_VERSION = 4.0;
				TARGETED_DEVICE_FAMILY = "1,2";
			};
			name = Debug;
		};
		46E476391F8DCC5300771F5D /* Release */ = {
			isa = XCBuildConfiguration;
			buildSettings = {
				ASSETCATALOG_COMPILER_APPICON_NAME = AppIcon;
				CODE_SIGN_STYLE = Automatic;
				DEVELOPMENT_TEAM = 947H8H8XTC;
				INFOPLIST_FILE = TipCalculator/Info.plist;
				LD_RUNPATH_SEARCH_PATHS = "$(inherited) @executable_path/Frameworks";
				PRODUCT_BUNDLE_IDENTIFIER = youssef.TipCalculator;
				PRODUCT_NAME = "$(TARGET_NAME)";
				SWIFT_VERSION = 4.0;
				TARGETED_DEVICE_FAMILY = "1,2";
			};
			name = Release;
		};
		46E4763B1F8DCC5300771F5D /* Debug */ = {
			isa = XCBuildConfiguration;
			buildSettings = {
				ALWAYS_EMBED_SWIFT_STANDARD_LIBRARIES = YES;
				BUNDLE_LOADER = "$(TEST_HOST)";
				CODE_SIGN_STYLE = Automatic;
				DEVELOPMENT_TEAM = 947H8H8XTC;
				INFOPLIST_FILE = TipCalculatorTests/Info.plist;
				LD_RUNPATH_SEARCH_PATHS = "$(inherited) @executable_path/Frameworks @loader_path/Frameworks";
				PRODUCT_BUNDLE_IDENTIFIER = youssef.TipCalculatorTests;
				PRODUCT_NAME = "$(TARGET_NAME)";
				SWIFT_VERSION = 4.0;
				TARGETED_DEVICE_FAMILY = "1,2";
				TEST_HOST = "$(BUILT_PRODUCTS_DIR)/TipCalculator.app/TipCalculator";
			};
			name = Debug;
		};
		46E4763C1F8DCC5300771F5D /* Release */ = {
			isa = XCBuildConfiguration;
			buildSettings = {
				ALWAYS_EMBED_SWIFT_STANDARD_LIBRARIES = YES;
				BUNDLE_LOADER = "$(TEST_HOST)";
				CODE_SIGN_STYLE = Automatic;
				DEVELOPMENT_TEAM = 947H8H8XTC;
				INFOPLIST_FILE = TipCalculatorTests/Info.plist;
				LD_RUNPATH_SEARCH_PATHS = "$(inherited) @executable_path/Frameworks @loader_path/Frameworks";
				PRODUCT_BUNDLE_IDENTIFIER = youssef.TipCalculatorTests;
				PRODUCT_NAME = "$(TARGET_NAME)";
				SWIFT_VERSION = 4.0;
				TARGETED_DEVICE_FAMILY = "1,2";
				TEST_HOST = "$(BUILT_PRODUCTS_DIR)/TipCalculator.app/TipCalculator";
			};
			name = Release;
		};
		46E4763E1F8DCC5300771F5D /* Debug */ = {
			isa = XCBuildConfiguration;
			buildSettings = {
				ALWAYS_EMBED_SWIFT_STANDARD_LIBRARIES = YES;
				CODE_SIGN_STYLE = Automatic;
				DEVELOPMENT_TEAM = 947H8H8XTC;
				INFOPLIST_FILE = TipCalculatorUITests/Info.plist;
				LD_RUNPATH_SEARCH_PATHS = "$(inherited) @executable_path/Frameworks @loader_path/Frameworks";
				PRODUCT_BUNDLE_IDENTIFIER = youssef.TipCalculatorUITests;
				PRODUCT_NAME = "$(TARGET_NAME)";
				SWIFT_VERSION = 4.0;
				TARGETED_DEVICE_FAMILY = "1,2";
				TEST_TARGET_NAME = TipCalculator;
			};
			name = Debug;
		};
		46E4763F1F8DCC5300771F5D /* Release */ = {
			isa = XCBuildConfiguration;
			buildSettings = {
				ALWAYS_EMBED_SWIFT_STANDARD_LIBRARIES = YES;
				CODE_SIGN_STYLE = Automatic;
				DEVELOPMENT_TEAM = 947H8H8XTC;
				INFOPLIST_FILE = TipCalculatorUITests/Info.plist;
				LD_RUNPATH_SEARCH_PATHS = "$(inherited) @executable_path/Frameworks @loader_path/Frameworks";
				PRODUCT_BUNDLE_IDENTIFIER = youssef.TipCalculatorUITests;
				PRODUCT_NAME = "$(TARGET_NAME)";
				SWIFT_VERSION = 4.0;
				TARGETED_DEVICE_FAMILY = "1,2";
				TEST_TARGET_NAME = TipCalculator;
			};
			name = Release;
		};
/* End XCBuildConfiguration section */

/* Begin XCConfigurationList section */
		46E4760A1F8DCC5300771F5D /* Build configuration list for PBXProject "TipCalculator" */ = {
			isa = XCConfigurationList;
			buildConfigurations = (
				46E476351F8DCC5300771F5D /* Debug */,
				46E476361F8DCC5300771F5D /* Release */,
			);
			defaultConfigurationIsVisible = 0;
			defaultConfigurationName = Release;
		};
		46E476371F8DCC5300771F5D /* Build configuration list for PBXNativeTarget "TipCalculator" */ = {
			isa = XCConfigurationList;
			buildConfigurations = (
				46E476381F8DCC5300771F5D /* Debug */,
				46E476391F8DCC5300771F5D /* Release */,
			);
			defaultConfigurationIsVisible = 0;
			defaultConfigurationName = Release;
		};
		46E4763A1F8DCC5300771F5D /* Build configuration list for PBXNativeTarget "TipCalculatorTests" */ = {
			isa = XCConfigurationList;
			buildConfigurations = (
				46E4763B1F8DCC5300771F5D /* Debug */,
				46E4763C1F8DCC5300771F5D /* Release */,
			);
			defaultConfigurationIsVisible = 0;
			defaultConfigurationName = Release;
		};
		46E4763D1F8DCC5300771F5D /* Build configuration list for PBXNativeTarget "TipCalculatorUITests" */ = {
			isa = XCConfigurationList;
			buildConfigurations = (
				46E4763E1F8DCC5300771F5D /* Debug */,
				46E4763F1F8DCC5300771F5D /* Release */,
			);
			defaultConfigurationIsVisible = 0;
			defaultConfigurationName = Release;
		};
/* End XCConfigurationList section */
	};
	rootObject = 46E476071F8DCC5300771F5D /* Project object */;
}
